// !$*UTF8*$!
{
	archiveVersion = 1;
	classes = {
	};
	objectVersion = 56;
	objects = {

/* Begin PBXBuildFile section */
		914BCC822BD1857400A44169 /* DetailView.swift in Sources */ = {isa = PBXBuildFile; fileRef = 914BCC812BD1857400A44169 /* DetailView.swift */; };
		914BCC842BD1897600A44169 /* WebView.swift in Sources */ = {isa = PBXBuildFile; fileRef = 914BCC832BD1897600A44169 /* WebView.swift */; };
		91BD98F32BD0308100AAAAB7 /* H4X0R_NewsApp.swift in Sources */ = {isa = PBXBuildFile; fileRef = 91BD98F22BD0308100AAAAB7 /* H4X0R_NewsApp.swift */; };
		91BD98F52BD0308100AAAAB7 /* ContentView.swift in Sources */ = {isa = PBXBuildFile; fileRef = 91BD98F42BD0308100AAAAB7 /* ContentView.swift */; };
		91BD98F72BD0308500AAAAB7 /* Assets.xcassets in Resources */ = {isa = PBXBuildFile; fileRef = 91BD98F62BD0308500AAAAB7 /* Assets.xcassets */; };
		91BD98FA2BD0308500AAAAB7 /* Preview Assets.xcassets in Resources */ = {isa = PBXBuildFile; fileRef = 91BD98F92BD0308500AAAAB7 /* Preview Assets.xcassets */; };
		91BD99042BD0308600AAAAB7 /* H4X0R_NewsTests.swift in Sources */ = {isa = PBXBuildFile; fileRef = 91BD99032BD0308600AAAAB7 /* H4X0R_NewsTests.swift */; };
		91BD990E2BD0308600AAAAB7 /* H4X0R_NewsUITests.swift in Sources */ = {isa = PBXBuildFile; fileRef = 91BD990D2BD0308600AAAAB7 /* H4X0R_NewsUITests.swift */; };
		91BD99102BD0308600AAAAB7 /* H4X0R_NewsUITestsLaunchTests.swift in Sources */ = {isa = PBXBuildFile; fileRef = 91BD990F2BD0308600AAAAB7 /* H4X0R_NewsUITestsLaunchTests.swift */; };
		91BD991E2BD0339300AAAAB7 /* NetworkManager.swift in Sources */ = {isa = PBXBuildFile; fileRef = 91BD991D2BD0339300AAAAB7 /* NetworkManager.swift */; };
		91BD99202BD0352000AAAAB7 /* PostData.swift in Sources */ = {isa = PBXBuildFile; fileRef = 91BD991F2BD0352000AAAAB7 /* PostData.swift */; };
/* End PBXBuildFile section */

/* Begin PBXContainerItemProxy section */
		91BD99002BD0308600AAAAB7 /* PBXContainerItemProxy */ = {
			isa = PBXContainerItemProxy;
			containerPortal = 91BD98E72BD0308100AAAAB7 /* Project object */;
			proxyType = 1;
			remoteGlobalIDString = 91BD98EE2BD0308100AAAAB7;
			remoteInfo = "H4X0R News";
		};
		91BD990A2BD0308600AAAAB7 /* PBXContainerItemProxy */ = {
			isa = PBXContainerItemProxy;
			containerPortal = 91BD98E72BD0308100AAAAB7 /* Project object */;
			proxyType = 1;
			remoteGlobalIDString = 91BD98EE2BD0308100AAAAB7;
			remoteInfo = "H4X0R News";
		};
/* End PBXContainerItemProxy section */

/* Begin PBXFileReference section */
		914BCC812BD1857400A44169 /* DetailView.swift */ = {isa = PBXFileReference; lastKnownFileType = sourcecode.swift; path = DetailView.swift; sourceTree = "<group>"; };
		914BCC832BD1897600A44169 /* WebView.swift */ = {isa = PBXFileReference; lastKnownFileType = sourcecode.swift; path = WebView.swift; sourceTree = "<group>"; };
		91BD98EF2BD0308100AAAAB7 /* H4X0R News.app */ = {isa = PBXFileReference; explicitFileType = wrapper.application; includeInIndex = 0; path = "H4X0R News.app"; sourceTree = BUILT_PRODUCTS_DIR; };
		91BD98F22BD0308100AAAAB7 /* H4X0R_NewsApp.swift */ = {isa = PBXFileReference; lastKnownFileType = sourcecode.swift; path = H4X0R_NewsApp.swift; sourceTree = "<group>"; };
		91BD98F42BD0308100AAAAB7 /* ContentView.swift */ = {isa = PBXFileReference; lastKnownFileType = sourcecode.swift; path = ContentView.swift; sourceTree = "<group>"; };
		91BD98F62BD0308500AAAAB7 /* Assets.xcassets */ = {isa = PBXFileReference; lastKnownFileType = folder.assetcatalog; path = Assets.xcassets; sourceTree = "<group>"; };
		91BD98F92BD0308500AAAAB7 /* Preview Assets.xcassets */ = {isa = PBXFileReference; lastKnownFileType = folder.assetcatalog; path = "Preview Assets.xcassets"; sourceTree = "<group>"; };
		91BD98FF2BD0308600AAAAB7 /* H4X0R NewsTests.xctest */ = {isa = PBXFileReference; explicitFileType = wrapper.cfbundle; includeInIndex = 0; path = "H4X0R NewsTests.xctest"; sourceTree = BUILT_PRODUCTS_DIR; };
		91BD99032BD0308600AAAAB7 /* H4X0R_NewsTests.swift */ = {isa = PBXFileReference; lastKnownFileType = sourcecode.swift; path = H4X0R_NewsTests.swift; sourceTree = "<group>"; };
		91BD99092BD0308600AAAAB7 /* H4X0R NewsUITests.xctest */ = {isa = PBXFileReference; explicitFileType = wrapper.cfbundle; includeInIndex = 0; path = "H4X0R NewsUITests.xctest"; sourceTree = BUILT_PRODUCTS_DIR; };
		91BD990D2BD0308600AAAAB7 /* H4X0R_NewsUITests.swift */ = {isa = PBXFileReference; lastKnownFileType = sourcecode.swift; path = H4X0R_NewsUITests.swift; sourceTree = "<group>"; };
		91BD990F2BD0308600AAAAB7 /* H4X0R_NewsUITestsLaunchTests.swift */ = {isa = PBXFileReference; lastKnownFileType = sourcecode.swift; path = H4X0R_NewsUITestsLaunchTests.swift; sourceTree = "<group>"; };
		91BD991D2BD0339300AAAAB7 /* NetworkManager.swift */ = {isa = PBXFileReference; lastKnownFileType = sourcecode.swift; path = NetworkManager.swift; sourceTree = "<group>"; };
		91BD991F2BD0352000AAAAB7 /* PostData.swift */ = {isa = PBXFileReference; lastKnownFileType = sourcecode.swift; path = PostData.swift; sourceTree = "<group>"; };
/* End PBXFileReference section */

/* Begin PBXFrameworksBuildPhase section */
		91BD98EC2BD0308100AAAAB7 /* Frameworks */ = {
			isa = PBXFrameworksBuildPhase;
			buildActionMask = 2147483647;
			files = (
			);
			runOnlyForDeploymentPostprocessing = 0;
		};
		91BD98FC2BD0308600AAAAB7 /* Frameworks */ = {
			isa = PBXFrameworksBuildPhase;
			buildActionMask = 2147483647;
			files = (
			);
			runOnlyForDeploymentPostprocessing = 0;
		};
		91BD99062BD0308600AAAAB7 /* Frameworks */ = {
			isa = PBXFrameworksBuildPhase;
			buildActionMask = 2147483647;
			files = (
			);
			runOnlyForDeploymentPostprocessing = 0;
		};
/* End PBXFrameworksBuildPhase section */

/* Begin PBXGroup section */
		914BCC802BD1834100A44169 /* View */ = {
			isa = PBXGroup;
			children = (
				91BD98F42BD0308100AAAAB7 /* ContentView.swift */,
				914BCC812BD1857400A44169 /* DetailView.swift */,
				914BCC832BD1897600A44169 /* WebView.swift */,
			);
			path = View;
			sourceTree = "<group>";
		};
		91BD98E62BD0308100AAAAB7 = {
			isa = PBXGroup;
			children = (
				91BD98F12BD0308100AAAAB7 /* H4X0R News */,
				91BD99022BD0308600AAAAB7 /* H4X0R NewsTests */,
				91BD990C2BD0308600AAAAB7 /* H4X0R NewsUITests */,
				91BD98F02BD0308100AAAAB7 /* Products */,
			);
			sourceTree = "<group>";
		};
		91BD98F02BD0308100AAAAB7 /* Products */ = {
			isa = PBXGroup;
			children = (
				91BD98EF2BD0308100AAAAB7 /* H4X0R News.app */,
				91BD98FF2BD0308600AAAAB7 /* H4X0R NewsTests.xctest */,
				91BD99092BD0308600AAAAB7 /* H4X0R NewsUITests.xctest */,
			);
			name = Products;
			sourceTree = "<group>";
		};
		91BD98F12BD0308100AAAAB7 /* H4X0R News */ = {
			isa = PBXGroup;
			children = (
				91BD98F22BD0308100AAAAB7 /* H4X0R_NewsApp.swift */,
				914BCC802BD1834100A44169 /* View */,
				91BD991C2BD0337A00AAAAB7 /* Models */,
				91BD98F62BD0308500AAAAB7 /* Assets.xcassets */,
				91BD98F82BD0308500AAAAB7 /* Preview Content */,
			);
			path = "H4X0R News";
			sourceTree = "<group>";
		};
		91BD98F82BD0308500AAAAB7 /* Preview Content */ = {
			isa = PBXGroup;
			children = (
				91BD98F92BD0308500AAAAB7 /* Preview Assets.xcassets */,
			);
			path = "Preview Content";
			sourceTree = "<group>";
		};
		91BD99022BD0308600AAAAB7 /* H4X0R NewsTests */ = {
			isa = PBXGroup;
			children = (
				91BD99032BD0308600AAAAB7 /* H4X0R_NewsTests.swift */,
			);
			path = "H4X0R NewsTests";
			sourceTree = "<group>";
		};
		91BD990C2BD0308600AAAAB7 /* H4X0R NewsUITests */ = {
			isa = PBXGroup;
			children = (
				91BD990D2BD0308600AAAAB7 /* H4X0R_NewsUITests.swift */,
				91BD990F2BD0308600AAAAB7 /* H4X0R_NewsUITestsLaunchTests.swift */,
			);
			path = "H4X0R NewsUITests";
			sourceTree = "<group>";
		};
		91BD991C2BD0337A00AAAAB7 /* Models */ = {
			isa = PBXGroup;
			children = (
				91BD991D2BD0339300AAAAB7 /* NetworkManager.swift */,
				91BD991F2BD0352000AAAAB7 /* PostData.swift */,
			);
			path = Models;
			sourceTree = "<group>";
		};
/* End PBXGroup section */

/* Begin PBXNativeTarget section */
		91BD98EE2BD0308100AAAAB7 /* H4X0R News */ = {
			isa = PBXNativeTarget;
			buildConfigurationList = 91BD99132BD0308600AAAAB7 /* Build configuration list for PBXNativeTarget "H4X0R News" */;
			buildPhases = (
				91BD98EB2BD0308100AAAAB7 /* Sources */,
				91BD98EC2BD0308100AAAAB7 /* Frameworks */,
				91BD98ED2BD0308100AAAAB7 /* Resources */,
			);
			buildRules = (
			);
			dependencies = (
			);
			name = "H4X0R News";
			productName = "H4X0R News";
			productReference = 91BD98EF2BD0308100AAAAB7 /* H4X0R News.app */;
			productType = "com.apple.product-type.application";
		};
		91BD98FE2BD0308600AAAAB7 /* H4X0R NewsTests */ = {
			isa = PBXNativeTarget;
			buildConfigurationList = 91BD99162BD0308600AAAAB7 /* Build configuration list for PBXNativeTarget "H4X0R NewsTests" */;
			buildPhases = (
				91BD98FB2BD0308600AAAAB7 /* Sources */,
				91BD98FC2BD0308600AAAAB7 /* Frameworks */,
				91BD98FD2BD0308600AAAAB7 /* Resources */,
			);
			buildRules = (
			);
			dependencies = (
				91BD99012BD0308600AAAAB7 /* PBXTargetDependency */,
			);
			name = "H4X0R NewsTests";
			productName = "H4X0R NewsTests";
			productReference = 91BD98FF2BD0308600AAAAB7 /* H4X0R NewsTests.xctest */;
			productType = "com.apple.product-type.bundle.unit-test";
		};
		91BD99082BD0308600AAAAB7 /* H4X0R NewsUITests */ = {
			isa = PBXNativeTarget;
			buildConfigurationList = 91BD99192BD0308600AAAAB7 /* Build configuration list for PBXNativeTarget "H4X0R NewsUITests" */;
			buildPhases = (
				91BD99052BD0308600AAAAB7 /* Sources */,
				91BD99062BD0308600AAAAB7 /* Frameworks */,
				91BD99072BD0308600AAAAB7 /* Resources */,
			);
			buildRules = (
			);
			dependencies = (
				91BD990B2BD0308600AAAAB7 /* PBXTargetDependency */,
			);
			name = "H4X0R NewsUITests";
			productName = "H4X0R NewsUITests";
			productReference = 91BD99092BD0308600AAAAB7 /* H4X0R NewsUITests.xctest */;
			productType = "com.apple.product-type.bundle.ui-testing";
		};
/* End PBXNativeTarget section */

/* Begin PBXProject section */
		91BD98E72BD0308100AAAAB7 /* Project object */ = {
			isa = PBXProject;
			attributes = {
				BuildIndependentTargetsInParallel = 1;
				LastSwiftUpdateCheck = 1530;
				LastUpgradeCheck = 1530;
				TargetAttributes = {
					91BD98EE2BD0308100AAAAB7 = {
						CreatedOnToolsVersion = 15.3;
					};
					91BD98FE2BD0308600AAAAB7 = {
						CreatedOnToolsVersion = 15.3;
						TestTargetID = 91BD98EE2BD0308100AAAAB7;
					};
					91BD99082BD0308600AAAAB7 = {
						CreatedOnToolsVersion = 15.3;
						TestTargetID = 91BD98EE2BD0308100AAAAB7;
					};
				};
			};
			buildConfigurationList = 91BD98EA2BD0308100AAAAB7 /* Build configuration list for PBXProject "H4X0R News" */;
			compatibilityVersion = "Xcode 14.0";
			developmentRegion = en;
			hasScannedForEncodings = 0;
			knownRegions = (
				en,
				Base,
			);
			mainGroup = 91BD98E62BD0308100AAAAB7;
			productRefGroup = 91BD98F02BD0308100AAAAB7 /* Products */;
			projectDirPath = "";
			projectRoot = "";
			targets = (
				91BD98EE2BD0308100AAAAB7 /* H4X0R News */,
				91BD98FE2BD0308600AAAAB7 /* H4X0R NewsTests */,
				91BD99082BD0308600AAAAB7 /* H4X0R NewsUITests */,
			);
		};
/* End PBXProject section */

/* Begin PBXResourcesBuildPhase section */
		91BD98ED2BD0308100AAAAB7 /* Resources */ = {
			isa = PBXResourcesBuildPhase;
			buildActionMask = 2147483647;
			files = (
				91BD98FA2BD0308500AAAAB7 /* Preview Assets.xcassets in Resources */,
				91BD98F72BD0308500AAAAB7 /* Assets.xcassets in Resources */,
			);
			runOnlyForDeploymentPostprocessing = 0;
		};
		91BD98FD2BD0308600AAAAB7 /* Resources */ = {
			isa = PBXResourcesBuildPhase;
			buildActionMask = 2147483647;
			files = (
			);
			runOnlyForDeploymentPostprocessing = 0;
		};
		91BD99072BD0308600AAAAB7 /* Resources */ = {
			isa = PBXResourcesBuildPhase;
			buildActionMask = 2147483647;
			files = (
			);
			runOnlyForDeploymentPostprocessing = 0;
		};
/* End PBXResourcesBuildPhase section */

/* Begin PBXSourcesBuildPhase section */
		91BD98EB2BD0308100AAAAB7 /* Sources */ = {
			isa = PBXSourcesBuildPhase;
			buildActionMask = 2147483647;
			files = (
				91BD991E2BD0339300AAAAB7 /* NetworkManager.swift in Sources */,
				91BD99202BD0352000AAAAB7 /* PostData.swift in Sources */,
				91BD98F52BD0308100AAAAB7 /* ContentView.swift in Sources */,
				914BCC842BD1897600A44169 /* WebView.swift in Sources */,
				914BCC822BD1857400A44169 /* DetailView.swift in Sources */,
				91BD98F32BD0308100AAAAB7 /* H4X0R_NewsApp.swift in Sources */,
			);
			runOnlyForDeploymentPostprocessing = 0;
		};
		91BD98FB2BD0308600AAAAB7 /* Sources */ = {
			isa = PBXSourcesBuildPhase;
			buildActionMask = 2147483647;
			files = (
				91BD99042BD0308600AAAAB7 /* H4X0R_NewsTests.swift in Sources */,
			);
			runOnlyForDeploymentPostprocessing = 0;
		};
		91BD99052BD0308600AAAAB7 /* Sources */ = {
			isa = PBXSourcesBuildPhase;
			buildActionMask = 2147483647;
			files = (
				91BD99102BD0308600AAAAB7 /* H4X0R_NewsUITestsLaunchTests.swift in Sources */,
				91BD990E2BD0308600AAAAB7 /* H4X0R_NewsUITests.swift in Sources */,
			);
			runOnlyForDeploymentPostprocessing = 0;
		};
/* End PBXSourcesBuildPhase section */

/* Begin PBXTargetDependency section */
		91BD99012BD0308600AAAAB7 /* PBXTargetDependency */ = {
			isa = PBXTargetDependency;
			target = 91BD98EE2BD0308100AAAAB7 /* H4X0R News */;
			targetProxy = 91BD99002BD0308600AAAAB7 /* PBXContainerItemProxy */;
		};
		91BD990B2BD0308600AAAAB7 /* PBXTargetDependency */ = {
			isa = PBXTargetDependency;
			target = 91BD98EE2BD0308100AAAAB7 /* H4X0R News */;
			targetProxy = 91BD990A2BD0308600AAAAB7 /* PBXContainerItemProxy */;
		};
/* End PBXTargetDependency section */

/* Begin XCBuildConfiguration section */
		91BD99112BD0308600AAAAB7 /* Debug */ = {
			isa = XCBuildConfiguration;
			buildSettings = {
				ALWAYS_SEARCH_USER_PATHS = NO;
				ASSETCATALOG_COMPILER_GENERATE_SWIFT_ASSET_SYMBOL_EXTENSIONS = YES;
				CLANG_ANALYZER_NONNULL = YES;
				CLANG_ANALYZER_NUMBER_OBJECT_CONVERSION = YES_AGGRESSIVE;
				CLANG_CXX_LANGUAGE_STANDARD = "gnu++20";
				CLANG_ENABLE_MODULES = YES;
				CLANG_ENABLE_OBJC_ARC = YES;
				CLANG_ENABLE_OBJC_WEAK = YES;
				CLANG_WARN_BLOCK_CAPTURE_AUTORELEASING = YES;
				CLANG_WARN_BOOL_CONVERSION = YES;
				CLANG_WARN_COMMA = YES;
				CLANG_WARN_CONSTANT_CONVERSION = YES;
				CLANG_WARN_DEPRECATED_OBJC_IMPLEMENTATIONS = YES;
				CLANG_WARN_DIRECT_OBJC_ISA_USAGE = YES_ERROR;
				CLANG_WARN_DOCUMENTATION_COMMENTS = YES;
				CLANG_WARN_EMPTY_BODY = YES;
				CLANG_WARN_ENUM_CONVERSION = YES;
				CLANG_WARN_INFINITE_RECURSION = YES;
				CLANG_WARN_INT_CONVERSION = YES;
				CLANG_WARN_NON_LITERAL_NULL_CONVERSION = YES;
				CLANG_WARN_OBJC_IMPLICIT_RETAIN_SELF = YES;
				CLANG_WARN_OBJC_LITERAL_CONVERSION = YES;
				CLANG_WARN_OBJC_ROOT_CLASS = YES_ERROR;
				CLANG_WARN_QUOTED_INCLUDE_IN_FRAMEWORK_HEADER = YES;
				CLANG_WARN_RANGE_LOOP_ANALYSIS = YES;
				CLANG_WARN_STRICT_PROTOTYPES = YES;
				CLANG_WARN_SUSPICIOUS_MOVE = YES;
				CLANG_WARN_UNGUARDED_AVAILABILITY = YES_AGGRESSIVE;
				CLANG_WARN_UNREACHABLE_CODE = YES;
				CLANG_WARN__DUPLICATE_METHOD_MATCH = YES;
				COPY_PHASE_STRIP = NO;
				DEBUG_INFORMATION_FORMAT = dwarf;
				ENABLE_STRICT_OBJC_MSGSEND = YES;
				ENABLE_TESTABILITY = YES;
				ENABLE_USER_SCRIPT_SANDBOXING = YES;
				GCC_C_LANGUAGE_STANDARD = gnu17;
				GCC_DYNAMIC_NO_PIC = NO;
				GCC_NO_COMMON_BLOCKS = YES;
				GCC_OPTIMIZATION_LEVEL = 0;
				GCC_PREPROCESSOR_DEFINITIONS = (
					"DEBUG=1",
					"$(inherited)",
				);
				GCC_WARN_64_TO_32_BIT_CONVERSION = YES;
				GCC_WARN_ABOUT_RETURN_TYPE = YES_ERROR;
				GCC_WARN_UNDECLARED_SELECTOR = YES;
				GCC_WARN_UNINITIALIZED_AUTOS = YES_AGGRESSIVE;
				GCC_WARN_UNUSED_FUNCTION = YES;
				GCC_WARN_UNUSED_VARIABLE = YES;
				IPHONEOS_DEPLOYMENT_TARGET = 17.4;
				LOCALIZATION_PREFERS_STRING_CATALOGS = YES;
				MTL_ENABLE_DEBUG_INFO = INCLUDE_SOURCE;
				MTL_FAST_MATH = YES;
				ONLY_ACTIVE_ARCH = YES;
				SDKROOT = iphoneos;
				SWIFT_ACTIVE_COMPILATION_CONDITIONS = "DEBUG $(inherited)";
				SWIFT_OPTIMIZATION_LEVEL = "-Onone";
			};
			name = Debug;
		};
		91BD99122BD0308600AAAAB7 /* Release */ = {
			isa = XCBuildConfiguration;
			buildSettings = {
				ALWAYS_SEARCH_USER_PATHS = NO;
				ASSETCATALOG_COMPILER_GENERATE_SWIFT_ASSET_SYMBOL_EXTENSIONS = YES;
				CLANG_ANALYZER_NONNULL = YES;
				CLANG_ANALYZER_NUMBER_OBJECT_CONVERSION = YES_AGGRESSIVE;
				CLANG_CXX_LANGUAGE_STANDARD = "gnu++20";
				CLANG_ENABLE_MODULES = YES;
				CLANG_ENABLE_OBJC_ARC = YES;
				CLANG_ENABLE_OBJC_WEAK = YES;
				CLANG_WARN_BLOCK_CAPTURE_AUTORELEASING = YES;
				CLANG_WARN_BOOL_CONVERSION = YES;
				CLANG_WARN_COMMA = YES;
				CLANG_WARN_CONSTANT_CONVERSION = YES;
				CLANG_WARN_DEPRECATED_OBJC_IMPLEMENTATIONS = YES;
				CLANG_WARN_DIRECT_OBJC_ISA_USAGE = YES_ERROR;
				CLANG_WARN_DOCUMENTATION_COMMENTS = YES;
				CLANG_WARN_EMPTY_BODY = YES;
				CLANG_WARN_ENUM_CONVERSION = YES;
				CLANG_WARN_INFINITE_RECURSION = YES;
				CLANG_WARN_INT_CONVERSION = YES;
				CLANG_WARN_NON_LITERAL_NULL_CONVERSION = YES;
				CLANG_WARN_OBJC_IMPLICIT_RETAIN_SELF = YES;
				CLANG_WARN_OBJC_LITERAL_CONVERSION = YES;
				CLANG_WARN_OBJC_ROOT_CLASS = YES_ERROR;
				CLANG_WARN_QUOTED_INCLUDE_IN_FRAMEWORK_HEADER = YES;
				CLANG_WARN_RANGE_LOOP_ANALYSIS = YES;
				CLANG_WARN_STRICT_PROTOTYPES = YES;
				CLANG_WARN_SUSPICIOUS_MOVE = YES;
				CLANG_WARN_UNGUARDED_AVAILABILITY = YES_AGGRESSIVE;
				CLANG_WARN_UNREACHABLE_CODE = YES;
				CLANG_WARN__DUPLICATE_METHOD_MATCH = YES;
				COPY_PHASE_STRIP = NO;
				DEBUG_INFORMATION_FORMAT = "dwarf-with-dsym";
				ENABLE_NS_ASSERTIONS = NO;
				ENABLE_STRICT_OBJC_MSGSEND = YES;
				ENABLE_USER_SCRIPT_SANDBOXING = YES;
				GCC_C_LANGUAGE_STANDARD = gnu17;
				GCC_NO_COMMON_BLOCKS = YES;
				GCC_WARN_64_TO_32_BIT_CONVERSION = YES;
				GCC_WARN_ABOUT_RETURN_TYPE = YES_ERROR;
				GCC_WARN_UNDECLARED_SELECTOR = YES;
				GCC_WARN_UNINITIALIZED_AUTOS = YES_AGGRESSIVE;
				GCC_WARN_UNUSED_FUNCTION = YES;
				GCC_WARN_UNUSED_VARIABLE = YES;
				IPHONEOS_DEPLOYMENT_TARGET = 17.4;
				LOCALIZATION_PREFERS_STRING_CATALOGS = YES;
				MTL_ENABLE_DEBUG_INFO = NO;
				MTL_FAST_MATH = YES;
				SDKROOT = iphoneos;
				SWIFT_COMPILATION_MODE = wholemodule;
				VALIDATE_PRODUCT = YES;
			};
			name = Release;
		};
		91BD99142BD0308600AAAAB7 /* Debug */ = {
			isa = XCBuildConfiguration;
			buildSettings = {
				ASSETCATALOG_COMPILER_APPICON_NAME = AppIcon;
				ASSETCATALOG_COMPILER_GLOBAL_ACCENT_COLOR_NAME = AccentColor;
				"CODE_SIGN_IDENTITY[sdk=macosx*]" = "Apple Development";
				CODE_SIGN_STYLE = Automatic;
				CURRENT_PROJECT_VERSION = 1;
				DEVELOPMENT_ASSET_PATHS = "\"H4X0R News/Preview Content\"";
				DEVELOPMENT_TEAM = V7A2DL35M8;
				ENABLE_PREVIEWS = YES;
				GENERATE_INFOPLIST_FILE = YES;
				INFOPLIST_KEY_UIApplicationSceneManifest_Generation = YES;
				INFOPLIST_KEY_UIApplicationSupportsIndirectInputEvents = YES;
				INFOPLIST_KEY_UILaunchScreen_Generation = YES;
				INFOPLIST_KEY_UISupportedInterfaceOrientations_iPad = "UIInterfaceOrientationPortrait UIInterfaceOrientationPortraitUpsideDown UIInterfaceOrientationLandscapeLeft UIInterfaceOrientationLandscapeRight";
				INFOPLIST_KEY_UISupportedInterfaceOrientations_iPhone = "UIInterfaceOrientationPortrait UIInterfaceOrientationLandscapeLeft UIInterfaceOrientationLandscapeRight";
				LD_RUNPATH_SEARCH_PATHS = (
					"$(inherited)",
					"@executable_path/Frameworks",
				);
				MARKETING_VERSION = 1.0;
				PRODUCT_BUNDLE_IDENTIFIER = "com.motahar.H4X0R-News";
				PRODUCT_NAME = "$(TARGET_NAME)";
				SUPPORTED_PLATFORMS = "iphoneos iphonesimulator";
				SUPPORTS_MACCATALYST = NO;
				SWIFT_EMIT_LOC_STRINGS = YES;
				SWIFT_OPTIMIZATION_LEVEL = "-Onone";
				SWIFT_VERSION = 5.0;
				TARGETED_DEVICE_FAMILY = "1,2";
			};
			name = Debug;
		};
		91BD99152BD0308600AAAAB7 /* Release */ = {
			isa = XCBuildConfiguration;
			buildSettings = {
				ASSETCATALOG_COMPILER_APPICON_NAME = AppIcon;
				ASSETCATALOG_COMPILER_GLOBAL_ACCENT_COLOR_NAME = AccentColor;
				"CODE_SIGN_IDENTITY[sdk=macosx*]" = "Apple Development";
				CODE_SIGN_STYLE = Automatic;
				CURRENT_PROJECT_VERSION = 1;
				DEVELOPMENT_ASSET_PATHS = "\"H4X0R News/Preview Content\"";
				DEVELOPMENT_TEAM = V7A2DL35M8;
				ENABLE_PREVIEWS = YES;
				GENERATE_INFOPLIST_FILE = YES;
				INFOPLIST_KEY_UIApplicationSceneManifest_Generation = YES;
				INFOPLIST_KEY_UIApplicationSupportsIndirectInputEvents = YES;
				INFOPLIST_KEY_UILaunchScreen_Generation = YES;
				INFOPLIST_KEY_UISupportedInterfaceOrientations_iPad = "UIInterfaceOrientationPortrait UIInterfaceOrientationPortraitUpsideDown UIInterfaceOrientationLandscapeLeft UIInterfaceOrientationLandscapeRight";
				INFOPLIST_KEY_UISupportedInterfaceOrientations_iPhone = "UIInterfaceOrientationPortrait UIInterfaceOrientationLandscapeLeft UIInterfaceOrientationLandscapeRight";
				LD_RUNPATH_SEARCH_PATHS = (
					"$(inherited)",
					"@executable_path/Frameworks",
				);
				MARKETING_VERSION = 1.0;
				PRODUCT_BUNDLE_IDENTIFIER = "com.motahar.H4X0R-News";
				PRODUCT_NAME = "$(TARGET_NAME)";
				SUPPORTED_PLATFORMS = "iphoneos iphonesimulator";
				SUPPORTS_MACCATALYST = NO;
				SWIFT_EMIT_LOC_STRINGS = YES;
				SWIFT_OPTIMIZATION_LEVEL = "-O";
				SWIFT_VERSION = 5.0;
				TARGETED_DEVICE_FAMILY = "1,2";
			};
			name = Release;
		};
		91BD99172BD0308600AAAAB7 /* Debug */ = {
			isa = XCBuildConfiguration;
			buildSettings = {
				ALWAYS_EMBED_SWIFT_STANDARD_LIBRARIES = YES;
				BUNDLE_LOADER = "$(TEST_HOST)";
				CODE_SIGN_STYLE = Automatic;
				CURRENT_PROJECT_VERSION = 1;
				GENERATE_INFOPLIST_FILE = YES;
				IPHONEOS_DEPLOYMENT_TARGET = 17.4;
				MARKETING_VERSION = 1.0;
				PRODUCT_BUNDLE_IDENTIFIER = "com.motahar.H4X0R-NewsTests";
				PRODUCT_NAME = "$(TARGET_NAME)";
				SWIFT_EMIT_LOC_STRINGS = NO;
				SWIFT_VERSION = 5.0;
				TARGETED_DEVICE_FAMILY = "1,2";
				TEST_HOST = "$(BUILT_PRODUCTS_DIR)/H4X0R News.app/$(BUNDLE_EXECUTABLE_FOLDER_PATH)/H4X0R News";
			};
			name = Debug;
		};
		91BD99182BD0308600AAAAB7 /* Release */ = {
			isa = XCBuildConfiguration;
			buildSettings = {
				ALWAYS_EMBED_SWIFT_STANDARD_LIBRARIES = YES;
				BUNDLE_LOADER = "$(TEST_HOST)";
				CODE_SIGN_STYLE = Automatic;
				CURRENT_PROJECT_VERSION = 1;
				GENERATE_INFOPLIST_FILE = YES;
				IPHONEOS_DEPLOYMENT_TARGET = 17.4;
				MARKETING_VERSION = 1.0;
				PRODUCT_BUNDLE_IDENTIFIER = "com.motahar.H4X0R-NewsTests";
				PRODUCT_NAME = "$(TARGET_NAME)";
				SWIFT_EMIT_LOC_STRINGS = NO;
				SWIFT_VERSION = 5.0;
				TARGETED_DEVICE_FAMILY = "1,2";
				TEST_HOST = "$(BUILT_PRODUCTS_DIR)/H4X0R News.app/$(BUNDLE_EXECUTABLE_FOLDER_PATH)/H4X0R News";
			};
			name = Release;
		};
		91BD991A2BD0308600AAAAB7 /* Debug */ = {
			isa = XCBuildConfiguration;
			buildSettings = {
				ALWAYS_EMBED_SWIFT_STANDARD_LIBRARIES = YES;
				CODE_SIGN_STYLE = Automatic;
				CURRENT_PROJECT_VERSION = 1;
				GENERATE_INFOPLIST_FILE = YES;
				MARKETING_VERSION = 1.0;
				PRODUCT_BUNDLE_IDENTIFIER = "com.motahar.H4X0R-NewsUITests";
				PRODUCT_NAME = "$(TARGET_NAME)";
				SWIFT_EMIT_LOC_STRINGS = NO;
				SWIFT_VERSION = 5.0;
				TARGETED_DEVICE_FAMILY = "1,2";
				TEST_TARGET_NAME = "H4X0R News";
			};
			name = Debug;
		};
		91BD991B2BD0308600AAAAB7 /* Release */ = {
			isa = XCBuildConfiguration;
			buildSettings = {
				ALWAYS_EMBED_SWIFT_STANDARD_LIBRARIES = YES;
				CODE_SIGN_STYLE = Automatic;
				CURRENT_PROJECT_VERSION = 1;
				GENERATE_INFOPLIST_FILE = YES;
				MARKETING_VERSION = 1.0;
				PRODUCT_BUNDLE_IDENTIFIER = "com.motahar.H4X0R-NewsUITests";
				PRODUCT_NAME = "$(TARGET_NAME)";
				SWIFT_EMIT_LOC_STRINGS = NO;
				SWIFT_VERSION = 5.0;
				TARGETED_DEVICE_FAMILY = "1,2";
				TEST_TARGET_NAME = "H4X0R News";
			};
			name = Release;
		};
/* End XCBuildConfiguration section */

/* Begin XCConfigurationList section */
		91BD98EA2BD0308100AAAAB7 /* Build configuration list for PBXProject "H4X0R News" */ = {
			isa = XCConfigurationList;
			buildConfigurations = (
				91BD99112BD0308600AAAAB7 /* Debug */,
				91BD99122BD0308600AAAAB7 /* Release */,
			);
			defaultConfigurationIsVisible = 0;
			defaultConfigurationName = Release;
		};
		91BD99132BD0308600AAAAB7 /* Build configuration list for PBXNativeTarget "H4X0R News" */ = {
			isa = XCConfigurationList;
			buildConfigurations = (
				91BD99142BD0308600AAAAB7 /* Debug */,
				91BD99152BD0308600AAAAB7 /* Release */,
			);
			defaultConfigurationIsVisible = 0;
			defaultConfigurationName = Release;
		};
		91BD99162BD0308600AAAAB7 /* Build configuration list for PBXNativeTarget "H4X0R NewsTests" */ = {
			isa = XCConfigurationList;
			buildConfigurations = (
				91BD99172BD0308600AAAAB7 /* Debug */,
				91BD99182BD0308600AAAAB7 /* Release */,
			);
			defaultConfigurationIsVisible = 0;
			defaultConfigurationName = Release;
		};
		91BD99192BD0308600AAAAB7 /* Build configuration list for PBXNativeTarget "H4X0R NewsUITests" */ = {
			isa = XCConfigurationList;
			buildConfigurations = (
				91BD991A2BD0308600AAAAB7 /* Debug */,
				91BD991B2BD0308600AAAAB7 /* Release */,
			);
			defaultConfigurationIsVisible = 0;
			defaultConfigurationName = Release;
		};
/* End XCConfigurationList section */
	};
	rootObject = 91BD98E72BD0308100AAAAB7 /* Project object */;
}
